
Microsoft Visual Studio Solution File, Format Version 12.00
# Visual Studio Version 17
VisualStudioVersion = 17.4.33213.308
MinimumVisualStudioVersion = 10.0.40219.1
Project("{9A19103F-16F7-4668-BE54-9A1E7A4F7556}") = "WPFUI", "WPFUI\WPFUI.csproj", "{BEA87F95-EB45-4EDA-B5F7-2056E66A11A3}"
EndProject
Project("{9A19103F-16F7-4668-BE54-9A1E7A4F7556}") = "Engine", "Engine\Engine.csproj", "{98B03B48-08CE-442A-8591-A26CBE0E4698}"
EndProject
Project("{FAE04EC0-301F-11D3-BF4B-00C04F79EFBC}") = "TestEngine", "TestEngine\TestEngine.csproj", "{9B7100AB-8DA0-414D-90EB-C69E0762D678}"
EndProject
Global
	GlobalSection(SolutionConfigurationPlatforms) = preSolution
		Debug|Any CPU = Debug|Any CPU
		Release|Any CPU = Release|Any CPU
	EndGlobalSection
	GlobalSection(ProjectConfigurationPlatforms) = postSolution
		{BEA87F95-EB45-4EDA-B5F7-2056E66A11A3}.Debug|Any CPU.ActiveCfg = Debug|Any CPU
		{BEA87F95-EB45-4EDA-B5F7-2056E66A11A3}.Debug|Any CPU.Build.0 = Debug|Any CPU
		{BEA87F95-EB45-4EDA-B5F7-2056E66A11A3}.Release|Any CPU.ActiveCfg = Release|Any CPU
		{BEA87F95-EB45-4EDA-B5F7-2056E66A11A3}.Release|Any CPU.Build.0 = Release|Any CPU
		{98B03B48-08CE-442A-8591-A26CBE0E4698}.Debug|Any CPU.ActiveCfg = Debug|Any CPU
		{98B03B48-08CE-442A-8591-A26CBE0E4698}.Debug|Any CPU.Build.0 = Debug|Any CPU
		{98B03B48-08CE-442A-8591-A26CBE0E4698}.Release|Any CPU.ActiveCfg = Release|Any CPU
		{98B03B48-08CE-442A-8591-A26CBE0E4698}.Release|Any CPU.Build.0 = Release|Any CPU
		{9B7100AB-8DA0-414D-90EB-C69E0762D678}.Debug|Any CPU.ActiveCfg = Debug|Any CPU
		{9B7100AB-8DA0-414D-90EB-C69E0762D678}.Debug|Any CPU.Build.0 = Debug|Any CPU
		{9B7100AB-8DA0-414D-90EB-C69E0762D678}.Release|Any CPU.ActiveCfg = Release|Any CPU
		{9B7100AB-8DA0-414D-90EB-C69E0762D678}.Release|Any CPU.Build.0 = Release|Any CPU
	EndGlobalSection
	GlobalSection(SolutionProperties) = preSolution
		HideSolutionNode = FALSE
	EndGlobalSection
	GlobalSection(ExtensibilityGlobals) = postSolution
		SolutionGuid = {FADD5CF3-71A7-422A-A671-3E506C708867}
	EndGlobalSection
EndGlobal
